
Microsoft Visual Studio Solution File, Format Version 12.00
# Visual Studio 2015
Project("{FAE04EC0-301F-11D3-BF4B-00C04F79EFBC}") = "FourDice", "FourDice.csproj", "{3819FF8A-34AD-6FB3-D6F8-7B32F8D408C6}"
EndProject
Project("{FAE04EC0-301F-11D3-BF4B-00C04F79EFBC}") = "FourDice.Editor", "FourDice.Editor.csproj", "{4CBCE77B-FC44-4978-CE88-6046733A9FE7}"
EndProject
Project("{FAE04EC0-301F-11D3-BF4B-00C04F79EFBC}") = "FourDiceGame.Test", "FourDiceGame.Test\FourDiceGame.Test.csproj", "{582FCDCE-CEAE-40C4-A1D1-4CD3A8A60E2D}"
EndProject
Global
	GlobalSection(SolutionConfigurationPlatforms) = preSolution
		Debug|Any CPU = Debug|Any CPU
		Release|Any CPU = Release|Any CPU
	EndGlobalSection
	GlobalSection(ProjectConfigurationPlatforms) = postSolution
		{3819FF8A-34AD-6FB3-D6F8-7B32F8D408C6}.Debug|Any CPU.ActiveCfg = Debug|Any CPU
		{3819FF8A-34AD-6FB3-D6F8-7B32F8D408C6}.Debug|Any CPU.Build.0 = Debug|Any CPU
		{3819FF8A-34AD-6FB3-D6F8-7B32F8D408C6}.Release|Any CPU.ActiveCfg = Release|Any CPU
		{3819FF8A-34AD-6FB3-D6F8-7B32F8D408C6}.Release|Any CPU.Build.0 = Release|Any CPU
		{4CBCE77B-FC44-4978-CE88-6046733A9FE7}.Debug|Any CPU.ActiveCfg = Debug|Any CPU
		{4CBCE77B-FC44-4978-CE88-6046733A9FE7}.Debug|Any CPU.Build.0 = Debug|Any CPU
		{4CBCE77B-FC44-4978-CE88-6046733A9FE7}.Release|Any CPU.ActiveCfg = Release|Any CPU
		{4CBCE77B-FC44-4978-CE88-6046733A9FE7}.Release|Any CPU.Build.0 = Release|Any CPU
		{582FCDCE-CEAE-40C4-A1D1-4CD3A8A60E2D}.Debug|Any CPU.ActiveCfg = Debug|Any CPU
		{582FCDCE-CEAE-40C4-A1D1-4CD3A8A60E2D}.Debug|Any CPU.Build.0 = Debug|Any CPU
		{582FCDCE-CEAE-40C4-A1D1-4CD3A8A60E2D}.Release|Any CPU.ActiveCfg = Release|Any CPU
		{582FCDCE-CEAE-40C4-A1D1-4CD3A8A60E2D}.Release|Any CPU.Build.0 = Release|Any CPU
	EndGlobalSection
	GlobalSection(SolutionProperties) = preSolution
		HideSolutionNode = FALSE
	EndGlobalSection
EndGlobal
