
Microsoft Visual Studio Solution File, Format Version 11.00
# Visual Studio 2010
Project("{FAE04EC0-301F-11D3-BF4B-00C04F79EFBC}") = "FourDice", "Assembly-CSharp.csproj", "{02FA1EE5-B470-170F-AEF1-E1FCE2D093EA}"
EndProject
Project("{FAE04EC0-301F-11D3-BF4B-00C04F79EFBC}") = "FourDice", "Assembly-CSharp-Editor.csproj", "{FF5F39E4-BF18-74FD-DC86-9D52A78EE2C7}"
EndProject
Global
	GlobalSection(SolutionConfigurationPlatforms) = preSolution
		Debug|Any CPU = Debug|Any CPU
		Release|Any CPU = Release|Any CPU
	EndGlobalSection
	GlobalSection(ProjectConfigurationPlatforms) = postSolution
		{02FA1EE5-B470-170F-AEF1-E1FCE2D093EA}.Debug|Any CPU.ActiveCfg = Debug|Any CPU
		{02FA1EE5-B470-170F-AEF1-E1FCE2D093EA}.Debug|Any CPU.Build.0 = Debug|Any CPU
		{02FA1EE5-B470-170F-AEF1-E1FCE2D093EA}.Release|Any CPU.ActiveCfg = Release|Any CPU
		{02FA1EE5-B470-170F-AEF1-E1FCE2D093EA}.Release|Any CPU.Build.0 = Release|Any CPU
		{FF5F39E4-BF18-74FD-DC86-9D52A78EE2C7}.Debug|Any CPU.ActiveCfg = Debug|Any CPU
		{FF5F39E4-BF18-74FD-DC86-9D52A78EE2C7}.Debug|Any CPU.Build.0 = Debug|Any CPU
		{FF5F39E4-BF18-74FD-DC86-9D52A78EE2C7}.Release|Any CPU.ActiveCfg = Release|Any CPU
		{FF5F39E4-BF18-74FD-DC86-9D52A78EE2C7}.Release|Any CPU.Build.0 = Release|Any CPU
	EndGlobalSection
	GlobalSection(SolutionProperties) = preSolution
		HideSolutionNode = FALSE
	EndGlobalSection
	GlobalSection(MonoDevelopProperties) = preSolution
		StartupItem = Assembly-CSharp.csproj
	EndGlobalSection
EndGlobal
